<?xml version="1.0" encoding="utf-8"?>
<Project ToolsVersion="4.0" xmlns="http://schemas.microsoft.com/developer/msbuild/2003">
  <ItemGroup>
    <Filter Include="소스 파일">
      <UniqueIdentifier>{4FC737F1-C7A5-4376-A066-2A32D752A2FF}</UniqueIdentifier>
      <Extensions>cpp;c;cc;cxx;def;odl;idl;hpj;bat;asm;asmx</Extensions>
    </Filter>
    <Filter Include="헤더 파일">
      <UniqueIdentifier>{93995380-89BD-4b04-88EB-625FBE52EBFB}</UniqueIdentifier>
      <Extensions>h;hpp;hxx;hm;inl;inc;xsd</Extensions>
    </Filter>
    <Filter Include="리소스 파일">
      <UniqueIdentifier>{67DA6AB6-F800-4c08-8B7A-83BB121AAD01}</UniqueIdentifier>
      <Extensions>rc;ico;cur;bmp;dlg;rc2;rct;bin;rgs;gif;jpg;jpeg;jpe;resx;tiff;tif;png;wav;mfcribbon-ms</Extensions>
    </Filter>
    <Filter Include="Kinematics">
      <UniqueIdentifier>{63a86901-4293-4495-8036-6e3eee78f549}</UniqueIdentifier>
    </Filter>
    <Filter Include="MaxonLib">
      <UniqueIdentifier>{a09ad8c1-7b0d-440c-a75e-f04da675f851}</UniqueIdentifier>
    </Filter>
    <Filter Include="NamedPipe">
      <UniqueIdentifier>{0ca41072-a2b8-4798-a9bd-250e7e34f08f}</UniqueIdentifier>
    </Filter>
    <Filter Include="Serial">
      <UniqueIdentifier>{6cf14795-df69-44c9-b4fa-f1c820bc4d41}</UniqueIdentifier>
    </Filter>
  </ItemGroup>
  <ItemGroup>
    <None Include="ReadMe.txt" />
    <None Include="res\BrainStimSerialArm.rc2">
      <Filter>리소스 파일</Filter>
    </None>
    <None Include="res\BrainStimSerialArm.ico">
      <Filter>리소스 파일</Filter>
    </None>
    <None Include="Icons\LedBlue.ico">
      <Filter>리소스 파일</Filter>
    </None>
    <None Include="Icons\LedRed.ico">
      <Filter>리소스 파일</Filter>
    </None>
  </ItemGroup>
  <ItemGroup>
    <ClInclude Include="BrainStimSerialArm.h">
      <Filter>헤더 파일</Filter>
    </ClInclude>
    <ClInclude Include="BrainStimSerialArmDlg.h">
      <Filter>헤더 파일</Filter>
    </ClInclude>
    <ClInclude Include="stdafx.h">
      <Filter>헤더 파일</Filter>
    </ClInclude>
    <ClInclude Include="targetver.h">
      <Filter>헤더 파일</Filter>
    </ClInclude>
    <ClInclude Include="Resource.h">
      <Filter>헤더 파일</Filter>
    </ClInclude>
    <ClInclude Include="Kinematics.h">
      <Filter>Kinematics</Filter>
    </ClInclude>
    <ClInclude Include="Definitions.h">
      <Filter>MaxonLib</Filter>
    </ClInclude>
    <ClInclude Include="MaxonLib.h">
      <Filter>MaxonLib</Filter>
    </ClInclude>
    <ClInclude Include="JointControl.h">
      <Filter>헤더 파일</Filter>
    </ClInclude>
    <ClInclude Include="namedPipe.h">
      <Filter>NamedPipe</Filter>
    </ClInclude>
    <ClInclude Include="LedButton.h">
      <Filter>헤더 파일</Filter>
    </ClInclude>
    <ClInclude Include="SerialComm\SerialPort.h">
      <Filter>Serial</Filter>
    </ClInclude>
  </ItemGroup>
  <ItemGroup>
    <ClCompile Include="BrainStimSerialArm.cpp">
      <Filter>소스 파일</Filter>
    </ClCompile>
    <ClCompile Include="BrainStimSerialArmDlg.cpp">
      <Filter>소스 파일</Filter>
    </ClCompile>
    <ClCompile Include="stdafx.cpp">
      <Filter>소스 파일</Filter>
    </ClCompile>
    <ClCompile Include="Kinematics.cpp">
      <Filter>Kinematics</Filter>
    </ClCompile>
    <ClCompile Include="MaxonLib.cpp">
      <Filter>MaxonLib</Filter>
    </ClCompile>
    <ClCompile Include="JointControl.cpp">
      <Filter>소스 파일</Filter>
    </ClCompile>
    <ClCompile Include="namedPipe.cpp">
      <Filter>NamedPipe</Filter>
    </ClCompile>
    <ClCompile Include="LedButton.cpp">
      <Filter>소스 파일</Filter>
    </ClCompile>
    <ClCompile Include="SerialComm\SerialPort.cpp">
      <Filter>Serial</Filter>
    </ClCompile>
  </ItemGroup>
  <ItemGroup>
    <ResourceCompile Include="BrainStimSerialArm.rc">
      <Filter>리소스 파일</Filter>
    </ResourceCompile>
  </ItemGroup>
</Project>